// !$*UTF8*$!
{
	archiveVersion = 1;
	classes = {
	};
	objectVersion = 56;
	objects = {

/* Begin PBXBuildFile section */
		BD9E2F772C52C8EB00DB9DF5 /* AboutMeApp.swift in Sources */ = {isa = PBXBuildFile; fileRef = BD9E2F762C52C8EB00DB9DF5 /* AboutMeApp.swift */; };
		BD9E2F792C52C8EB00DB9DF5 /* ContentView.swift in Sources */ = {isa = PBXBuildFile; fileRef = BD9E2F782C52C8EB00DB9DF5 /* ContentView.swift */; };
		BD9E2F7B2C52C8ED00DB9DF5 /* Assets.xcassets in Resources */ = {isa = PBXBuildFile; fileRef = BD9E2F7A2C52C8ED00DB9DF5 /* Assets.xcassets */; };
		BD9E2F7E2C52C8ED00DB9DF5 /* Preview Assets.xcassets in Resources */ = {isa = PBXBuildFile; fileRef = BD9E2F7D2C52C8ED00DB9DF5 /* Preview Assets.xcassets */; };
		BD9E2F882C52C8ED00DB9DF5 /* AboutMeTests.swift in Sources */ = {isa = PBXBuildFile; fileRef = BD9E2F872C52C8ED00DB9DF5 /* AboutMeTests.swift */; };
		BD9E2F922C52C8ED00DB9DF5 /* AboutMeUITests.swift in Sources */ = {isa = PBXBuildFile; fileRef = BD9E2F912C52C8ED00DB9DF5 /* AboutMeUITests.swift */; };
		BD9E2F942C52C8ED00DB9DF5 /* AboutMeUITestsLaunchTests.swift in Sources */ = {isa = PBXBuildFile; fileRef = BD9E2F932C52C8ED00DB9DF5 /* AboutMeUITestsLaunchTests.swift */; };
/* End PBXBuildFile section */

/* Begin PBXContainerItemProxy section */
		BD9E2F842C52C8ED00DB9DF5 /* PBXContainerItemProxy */ = {
			isa = PBXContainerItemProxy;
			containerPortal = BD9E2F6B2C52C8EB00DB9DF5 /* Project object */;
			proxyType = 1;
			remoteGlobalIDString = BD9E2F722C52C8EB00DB9DF5;
			remoteInfo = AboutMe;
		};
		BD9E2F8E2C52C8ED00DB9DF5 /* PBXContainerItemProxy */ = {
			isa = PBXContainerItemProxy;
			containerPortal = BD9E2F6B2C52C8EB00DB9DF5 /* Project object */;
			proxyType = 1;
			remoteGlobalIDString = BD9E2F722C52C8EB00DB9DF5;
			remoteInfo = AboutMe;
		};
/* End PBXContainerItemProxy section */

/* Begin PBXFileReference section */
		BD9E2F732C52C8EB00DB9DF5 /* AboutMe.app */ = {isa = PBXFileReference; explicitFileType = wrapper.application; includeInIndex = 0; path = AboutMe.app; sourceTree = BUILT_PRODUCTS_DIR; };
		BD9E2F762C52C8EB00DB9DF5 /* AboutMeApp.swift */ = {isa = PBXFileReference; lastKnownFileType = sourcecode.swift; path = AboutMeApp.swift; sourceTree = "<group>"; };
		BD9E2F782C52C8EB00DB9DF5 /* ContentView.swift */ = {isa = PBXFileReference; lastKnownFileType = sourcecode.swift; path = ContentView.swift; sourceTree = "<group>"; };
		BD9E2F7A2C52C8ED00DB9DF5 /* Assets.xcassets */ = {isa = PBXFileReference; lastKnownFileType = folder.assetcatalog; path = Assets.xcassets; sourceTree = "<group>"; };
		BD9E2F7D2C52C8ED00DB9DF5 /* Preview Assets.xcassets */ = {isa = PBXFileReference; lastKnownFileType = folder.assetcatalog; path = "Preview Assets.xcassets"; sourceTree = "<group>"; };
		BD9E2F832C52C8ED00DB9DF5 /* AboutMeTests.xctest */ = {isa = PBXFileReference; explicitFileType = wrapper.cfbundle; includeInIndex = 0; path = AboutMeTests.xctest; sourceTree = BUILT_PRODUCTS_DIR; };
		BD9E2F872C52C8ED00DB9DF5 /* AboutMeTests.swift */ = {isa = PBXFileReference; lastKnownFileType = sourcecode.swift; path = AboutMeTests.swift; sourceTree = "<group>"; };
		BD9E2F8D2C52C8ED00DB9DF5 /* AboutMeUITests.xctest */ = {isa = PBXFileReference; explicitFileType = wrapper.cfbundle; includeInIndex = 0; path = AboutMeUITests.xctest; sourceTree = BUILT_PRODUCTS_DIR; };
		BD9E2F912C52C8ED00DB9DF5 /* AboutMeUITests.swift */ = {isa = PBXFileReference; lastKnownFileType = sourcecode.swift; path = AboutMeUITests.swift; sourceTree = "<group>"; };
		BD9E2F932C52C8ED00DB9DF5 /* AboutMeUITestsLaunchTests.swift */ = {isa = PBXFileReference; lastKnownFileType = sourcecode.swift; path = AboutMeUITestsLaunchTests.swift; sourceTree = "<group>"; };
/* End PBXFileReference section */

/* Begin PBXFrameworksBuildPhase section */
		BD9E2F702C52C8EB00DB9DF5 /* Frameworks */ = {
			isa = PBXFrameworksBuildPhase;
			buildActionMask = 2147483647;
			files = (
			);
			runOnlyForDeploymentPostprocessing = 0;
		};
		BD9E2F802C52C8ED00DB9DF5 /* Frameworks */ = {
			isa = PBXFrameworksBuildPhase;
			buildActionMask = 2147483647;
			files = (
			);
			runOnlyForDeploymentPostprocessing = 0;
		};
		BD9E2F8A2C52C8ED00DB9DF5 /* Frameworks */ = {
			isa = PBXFrameworksBuildPhase;
			buildActionMask = 2147483647;
			files = (
			);
			runOnlyForDeploymentPostprocessing = 0;
		};
/* End PBXFrameworksBuildPhase section */

/* Begin PBXGroup section */
		BD9E2F6A2C52C8EB00DB9DF5 = {
			isa = PBXGroup;
			children = (
				BD9E2F752C52C8EB00DB9DF5 /* AboutMe */,
				BD9E2F862C52C8ED00DB9DF5 /* AboutMeTests */,
				BD9E2F902C52C8ED00DB9DF5 /* AboutMeUITests */,
				BD9E2F742C52C8EB00DB9DF5 /* Products */,
			);
			sourceTree = "<group>";
		};
		BD9E2F742C52C8EB00DB9DF5 /* Products */ = {
			isa = PBXGroup;
			children = (
				BD9E2F732C52C8EB00DB9DF5 /* AboutMe.app */,
				BD9E2F832C52C8ED00DB9DF5 /* AboutMeTests.xctest */,
				BD9E2F8D2C52C8ED00DB9DF5 /* AboutMeUITests.xctest */,
			);
			name = Products;
			sourceTree = "<group>";
		};
		BD9E2F752C52C8EB00DB9DF5 /* AboutMe */ = {
			isa = PBXGroup;
			children = (
				BD9E2F762C52C8EB00DB9DF5 /* AboutMeApp.swift */,
				BD9E2F782C52C8EB00DB9DF5 /* ContentView.swift */,
				BD9E2F7A2C52C8ED00DB9DF5 /* Assets.xcassets */,
				BD9E2F7C2C52C8ED00DB9DF5 /* Preview Content */,
			);
			path = AboutMe;
			sourceTree = "<group>";
		};
		BD9E2F7C2C52C8ED00DB9DF5 /* Preview Content */ = {
			isa = PBXGroup;
			children = (
				BD9E2F7D2C52C8ED00DB9DF5 /* Preview Assets.xcassets */,
			);
			path = "Preview Content";
			sourceTree = "<group>";
		};
		BD9E2F862C52C8ED00DB9DF5 /* AboutMeTests */ = {
			isa = PBXGroup;
			children = (
				BD9E2F872C52C8ED00DB9DF5 /* AboutMeTests.swift */,
			);
			path = AboutMeTests;
			sourceTree = "<group>";
		};
		BD9E2F902C52C8ED00DB9DF5 /* AboutMeUITests */ = {
			isa = PBXGroup;
			children = (
				BD9E2F912C52C8ED00DB9DF5 /* AboutMeUITests.swift */,
				BD9E2F932C52C8ED00DB9DF5 /* AboutMeUITestsLaunchTests.swift */,
			);
			path = AboutMeUITests;
			sourceTree = "<group>";
		};
/* End PBXGroup section */

/* Begin PBXNativeTarget section */
		BD9E2F722C52C8EB00DB9DF5 /* AboutMe */ = {
			isa = PBXNativeTarget;
			buildConfigurationList = BD9E2F972C52C8ED00DB9DF5 /* Build configuration list for PBXNativeTarget "AboutMe" */;
			buildPhases = (
				BD9E2F6F2C52C8EB00DB9DF5 /* Sources */,
				BD9E2F702C52C8EB00DB9DF5 /* Frameworks */,
				BD9E2F712C52C8EB00DB9DF5 /* Resources */,
			);
			buildRules = (
			);
			dependencies = (
			);
			name = AboutMe;
			productName = AboutMe;
			productReference = BD9E2F732C52C8EB00DB9DF5 /* AboutMe.app */;
			productType = "com.apple.product-type.application";
		};
		BD9E2F822C52C8ED00DB9DF5 /* AboutMeTests */ = {
			isa = PBXNativeTarget;
			buildConfigurationList = BD9E2F9A2C52C8ED00DB9DF5 /* Build configuration list for PBXNativeTarget "AboutMeTests" */;
			buildPhases = (
				BD9E2F7F2C52C8ED00DB9DF5 /* Sources */,
				BD9E2F802C52C8ED00DB9DF5 /* Frameworks */,
				BD9E2F812C52C8ED00DB9DF5 /* Resources */,
			);
			buildRules = (
			);
			dependencies = (
				BD9E2F852C52C8ED00DB9DF5 /* PBXTargetDependency */,
			);
			name = AboutMeTests;
			productName = AboutMeTests;
			productReference = BD9E2F832C52C8ED00DB9DF5 /* AboutMeTests.xctest */;
			productType = "com.apple.product-type.bundle.unit-test";
		};
		BD9E2F8C2C52C8ED00DB9DF5 /* AboutMeUITests */ = {
			isa = PBXNativeTarget;
			buildConfigurationList = BD9E2F9D2C52C8ED00DB9DF5 /* Build configuration list for PBXNativeTarget "AboutMeUITests" */;
			buildPhases = (
				BD9E2F892C52C8ED00DB9DF5 /* Sources */,
				BD9E2F8A2C52C8ED00DB9DF5 /* Frameworks */,
				BD9E2F8B2C52C8ED00DB9DF5 /* Resources */,
			);
			buildRules = (
			);
			dependencies = (
				BD9E2F8F2C52C8ED00DB9DF5 /* PBXTargetDependency */,
			);
			name = AboutMeUITests;
			productName = AboutMeUITests;
			productReference = BD9E2F8D2C52C8ED00DB9DF5 /* AboutMeUITests.xctest */;
			productType = "com.apple.product-type.bundle.ui-testing";
		};
/* End PBXNativeTarget section */

/* Begin PBXProject section */
		BD9E2F6B2C52C8EB00DB9DF5 /* Project object */ = {
			isa = PBXProject;
			attributes = {
				BuildIndependentTargetsInParallel = 1;
				LastSwiftUpdateCheck = 1540;
				LastUpgradeCheck = 1540;
				TargetAttributes = {
					BD9E2F722C52C8EB00DB9DF5 = {
						CreatedOnToolsVersion = 15.4;
					};
					BD9E2F822C52C8ED00DB9DF5 = {
						CreatedOnToolsVersion = 15.4;
						TestTargetID = BD9E2F722C52C8EB00DB9DF5;
					};
					BD9E2F8C2C52C8ED00DB9DF5 = {
						CreatedOnToolsVersion = 15.4;
						TestTargetID = BD9E2F722C52C8EB00DB9DF5;
					};
				};
			};
			buildConfigurationList = BD9E2F6E2C52C8EB00DB9DF5 /* Build configuration list for PBXProject "AboutMe" */;
			compatibilityVersion = "Xcode 14.0";
			developmentRegion = en;
			hasScannedForEncodings = 0;
			knownRegions = (
				en,
				Base,
			);
			mainGroup = BD9E2F6A2C52C8EB00DB9DF5;
			productRefGroup = BD9E2F742C52C8EB00DB9DF5 /* Products */;
			projectDirPath = "";
			projectRoot = "";
			targets = (
				BD9E2F722C52C8EB00DB9DF5 /* AboutMe */,
				BD9E2F822C52C8ED00DB9DF5 /* AboutMeTests */,
				BD9E2F8C2C52C8ED00DB9DF5 /* AboutMeUITests */,
			);
		};
/* End PBXProject section */

/* Begin PBXResourcesBuildPhase section */
		BD9E2F712C52C8EB00DB9DF5 /* Resources */ = {
			isa = PBXResourcesBuildPhase;
			buildActionMask = 2147483647;
			files = (
				BD9E2F7E2C52C8ED00DB9DF5 /* Preview Assets.xcassets in Resources */,
				BD9E2F7B2C52C8ED00DB9DF5 /* Assets.xcassets in Resources */,
			);
			runOnlyForDeploymentPostprocessing = 0;
		};
		BD9E2F812C52C8ED00DB9DF5 /* Resources */ = {
			isa = PBXResourcesBuildPhase;
			buildActionMask = 2147483647;
			files = (
			);
			runOnlyForDeploymentPostprocessing = 0;
		};
		BD9E2F8B2C52C8ED00DB9DF5 /* Resources */ = {
			isa = PBXResourcesBuildPhase;
			buildActionMask = 2147483647;
			files = (
			);
			runOnlyForDeploymentPostprocessing = 0;
		};
/* End PBXResourcesBuildPhase section */

/* Begin PBXSourcesBuildPhase section */
		BD9E2F6F2C52C8EB00DB9DF5 /* Sources */ = {
			isa = PBXSourcesBuildPhase;
			buildActionMask = 2147483647;
			files = (
				BD9E2F792C52C8EB00DB9DF5 /* ContentView.swift in Sources */,
				BD9E2F772C52C8EB00DB9DF5 /* AboutMeApp.swift in Sources */,
			);
			runOnlyForDeploymentPostprocessing = 0;
		};
		BD9E2F7F2C52C8ED00DB9DF5 /* Sources */ = {
			isa = PBXSourcesBuildPhase;
			buildActionMask = 2147483647;
			files = (
				BD9E2F882C52C8ED00DB9DF5 /* AboutMeTests.swift in Sources */,
			);
			runOnlyForDeploymentPostprocessing = 0;
		};
		BD9E2F892C52C8ED00DB9DF5 /* Sources */ = {
			isa = PBXSourcesBuildPhase;
			buildActionMask = 2147483647;
			files = (
				BD9E2F942C52C8ED00DB9DF5 /* AboutMeUITestsLaunchTests.swift in Sources */,
				BD9E2F922C52C8ED00DB9DF5 /* AboutMeUITests.swift in Sources */,
			);
			runOnlyForDeploymentPostprocessing = 0;
		};
/* End PBXSourcesBuildPhase section */

/* Begin PBXTargetDependency section */
		BD9E2F852C52C8ED00DB9DF5 /* PBXTargetDependency */ = {
			isa = PBXTargetDependency;
			target = BD9E2F722C52C8EB00DB9DF5 /* AboutMe */;
			targetProxy = BD9E2F842C52C8ED00DB9DF5 /* PBXContainerItemProxy */;
		};
		BD9E2F8F2C52C8ED00DB9DF5 /* PBXTargetDependency */ = {
			isa = PBXTargetDependency;
			target = BD9E2F722C52C8EB00DB9DF5 /* AboutMe */;
			targetProxy = BD9E2F8E2C52C8ED00DB9DF5 /* PBXContainerItemProxy */;
		};
/* End PBXTargetDependency section */

/* Begin XCBuildConfiguration section */
		BD9E2F952C52C8ED00DB9DF5 /* Debug */ = {
			isa = XCBuildConfiguration;
			buildSettings = {
				ALWAYS_SEARCH_USER_PATHS = NO;
				ASSETCATALOG_COMPILER_GENERATE_SWIFT_ASSET_SYMBOL_EXTENSIONS = YES;
				CLANG_ANALYZER_NONNULL = YES;
				CLANG_ANALYZER_NUMBER_OBJECT_CONVERSION = YES_AGGRESSIVE;
				CLANG_CXX_LANGUAGE_STANDARD = "gnu++20";
				CLANG_ENABLE_MODULES = YES;
				CLANG_ENABLE_OBJC_ARC = YES;
				CLANG_ENABLE_OBJC_WEAK = YES;
				CLANG_WARN_BLOCK_CAPTURE_AUTORELEASING = YES;
				CLANG_WARN_BOOL_CONVERSION = YES;
				CLANG_WARN_COMMA = YES;
				CLANG_WARN_CONSTANT_CONVERSION = YES;
				CLANG_WARN_DEPRECATED_OBJC_IMPLEMENTATIONS = YES;
				CLANG_WARN_DIRECT_OBJC_ISA_USAGE = YES_ERROR;
				CLANG_WARN_DOCUMENTATION_COMMENTS = YES;
				CLANG_WARN_EMPTY_BODY = YES;
				CLANG_WARN_ENUM_CONVERSION = YES;
				CLANG_WARN_INFINITE_RECURSION = YES;
				CLANG_WARN_INT_CONVERSION = YES;
				CLANG_WARN_NON_LITERAL_NULL_CONVERSION = YES;
				CLANG_WARN_OBJC_IMPLICIT_RETAIN_SELF = YES;
				CLANG_WARN_OBJC_LITERAL_CONVERSION = YES;
				CLANG_WARN_OBJC_ROOT_CLASS = YES_ERROR;
				CLANG_WARN_QUOTED_INCLUDE_IN_FRAMEWORK_HEADER = YES;
				CLANG_WARN_RANGE_LOOP_ANALYSIS = YES;
				CLANG_WARN_STRICT_PROTOTYPES = YES;
				CLANG_WARN_SUSPICIOUS_MOVE = YES;
				CLANG_WARN_UNGUARDED_AVAILABILITY = YES_AGGRESSIVE;
				CLANG_WARN_UNREACHABLE_CODE = YES;
				CLANG_WARN__DUPLICATE_METHOD_MATCH = YES;
				COPY_PHASE_STRIP = NO;
				DEBUG_INFORMATION_FORMAT = dwarf;
				ENABLE_STRICT_OBJC_MSGSEND = YES;
				ENABLE_TESTABILITY = YES;
				ENABLE_USER_SCRIPT_SANDBOXING = YES;
				GCC_C_LANGUAGE_STANDARD = gnu17;
				GCC_DYNAMIC_NO_PIC = NO;
				GCC_NO_COMMON_BLOCKS = YES;
				GCC_OPTIMIZATION_LEVEL = 0;
				GCC_PREPROCESSOR_DEFINITIONS = (
					"DEBUG=1",
					"$(inherited)",
				);
				GCC_WARN_64_TO_32_BIT_CONVERSION = YES;
				GCC_WARN_ABOUT_RETURN_TYPE = YES_ERROR;
				GCC_WARN_UNDECLARED_SELECTOR = YES;
				GCC_WARN_UNINITIALIZED_AUTOS = YES_AGGRESSIVE;
				GCC_WARN_UNUSED_FUNCTION = YES;
				GCC_WARN_UNUSED_VARIABLE = YES;
				IPHONEOS_DEPLOYMENT_TARGET = 17.5;
				LOCALIZATION_PREFERS_STRING_CATALOGS = YES;
				MTL_ENABLE_DEBUG_INFO = INCLUDE_SOURCE;
				MTL_FAST_MATH = YES;
				ONLY_ACTIVE_ARCH = YES;
				SDKROOT = iphoneos;
				SWIFT_ACTIVE_COMPILATION_CONDITIONS = "DEBUG $(inherited)";
				SWIFT_OPTIMIZATION_LEVEL = "-Onone";
			};
			name = Debug;
		};
		BD9E2F962C52C8ED00DB9DF5 /* Release */ = {
			isa = XCBuildConfiguration;
			buildSettings = {
				ALWAYS_SEARCH_USER_PATHS = NO;
				ASSETCATALOG_COMPILER_GENERATE_SWIFT_ASSET_SYMBOL_EXTENSIONS = YES;
				CLANG_ANALYZER_NONNULL = YES;
				CLANG_ANALYZER_NUMBER_OBJECT_CONVERSION = YES_AGGRESSIVE;
				CLANG_CXX_LANGUAGE_STANDARD = "gnu++20";
				CLANG_ENABLE_MODULES = YES;
				CLANG_ENABLE_OBJC_ARC = YES;
				CLANG_ENABLE_OBJC_WEAK = YES;
				CLANG_WARN_BLOCK_CAPTURE_AUTORELEASING = YES;
				CLANG_WARN_BOOL_CONVERSION = YES;
				CLANG_WARN_COMMA = YES;
				CLANG_WARN_CONSTANT_CONVERSION = YES;
				CLANG_WARN_DEPRECATED_OBJC_IMPLEMENTATIONS = YES;
				CLANG_WARN_DIRECT_OBJC_ISA_USAGE = YES_ERROR;
				CLANG_WARN_DOCUMENTATION_COMMENTS = YES;
				CLANG_WARN_EMPTY_BODY = YES;
				CLANG_WARN_ENUM_CONVERSION = YES;
				CLANG_WARN_INFINITE_RECURSION = YES;
				CLANG_WARN_INT_CONVERSION = YES;
				CLANG_WARN_NON_LITERAL_NULL_CONVERSION = YES;
				CLANG_WARN_OBJC_IMPLICIT_RETAIN_SELF = YES;
				CLANG_WARN_OBJC_LITERAL_CONVERSION = YES;
				CLANG_WARN_OBJC_ROOT_CLASS = YES_ERROR;
				CLANG_WARN_QUOTED_INCLUDE_IN_FRAMEWORK_HEADER = YES;
				CLANG_WARN_RANGE_LOOP_ANALYSIS = YES;
				CLANG_WARN_STRICT_PROTOTYPES = YES;
				CLANG_WARN_SUSPICIOUS_MOVE = YES;
				CLANG_WARN_UNGUARDED_AVAILABILITY = YES_AGGRESSIVE;
				CLANG_WARN_UNREACHABLE_CODE = YES;
				CLANG_WARN__DUPLICATE_METHOD_MATCH = YES;
				COPY_PHASE_STRIP = NO;
				DEBUG_INFORMATION_FORMAT = "dwarf-with-dsym";
				ENABLE_NS_ASSERTIONS = NO;
				ENABLE_STRICT_OBJC_MSGSEND = YES;
				ENABLE_USER_SCRIPT_SANDBOXING = YES;
				GCC_C_LANGUAGE_STANDARD = gnu17;
				GCC_NO_COMMON_BLOCKS = YES;
				GCC_WARN_64_TO_32_BIT_CONVERSION = YES;
				GCC_WARN_ABOUT_RETURN_TYPE = YES_ERROR;
				GCC_WARN_UNDECLARED_SELECTOR = YES;
				GCC_WARN_UNINITIALIZED_AUTOS = YES_AGGRESSIVE;
				GCC_WARN_UNUSED_FUNCTION = YES;
				GCC_WARN_UNUSED_VARIABLE = YES;
				IPHONEOS_DEPLOYMENT_TARGET = 17.5;
				LOCALIZATION_PREFERS_STRING_CATALOGS = YES;
				MTL_ENABLE_DEBUG_INFO = NO;
				MTL_FAST_MATH = YES;
				SDKROOT = iphoneos;
				SWIFT_COMPILATION_MODE = wholemodule;
				VALIDATE_PRODUCT = YES;
			};
			name = Release;
		};
		BD9E2F982C52C8ED00DB9DF5 /* Debug */ = {
			isa = XCBuildConfiguration;
			buildSettings = {
				ASSETCATALOG_COMPILER_APPICON_NAME = AppIcon;
				ASSETCATALOG_COMPILER_GLOBAL_ACCENT_COLOR_NAME = AccentColor;
				CODE_SIGN_STYLE = Automatic;
				CURRENT_PROJECT_VERSION = 1;
				DEVELOPMENT_ASSET_PATHS = "\"AboutMe/Preview Content\"";
				ENABLE_PREVIEWS = YES;
				GENERATE_INFOPLIST_FILE = YES;
				INFOPLIST_KEY_UIApplicationSceneManifest_Generation = YES;
				INFOPLIST_KEY_UIApplicationSupportsIndirectInputEvents = YES;
				INFOPLIST_KEY_UILaunchScreen_Generation = YES;
				INFOPLIST_KEY_UISupportedInterfaceOrientations_iPad = "UIInterfaceOrientationPortrait UIInterfaceOrientationPortraitUpsideDown UIInterfaceOrientationLandscapeLeft UIInterfaceOrientationLandscapeRight";
				INFOPLIST_KEY_UISupportedInterfaceOrientations_iPhone = "UIInterfaceOrientationPortrait UIInterfaceOrientationLandscapeLeft UIInterfaceOrientationLandscapeRight";
				LD_RUNPATH_SEARCH_PATHS = (
					"$(inherited)",
					"@executable_path/Frameworks",
				);
				MARKETING_VERSION = 1.0;
				PRODUCT_BUNDLE_IDENTIFIER = kwk.AboutMe;
				PRODUCT_NAME = "$(TARGET_NAME)";
				SWIFT_EMIT_LOC_STRINGS = YES;
				SWIFT_VERSION = 5.0;
				TARGETED_DEVICE_FAMILY = "1,2";
			};
			name = Debug;
		};
		BD9E2F992C52C8ED00DB9DF5 /* Release */ = {
			isa = XCBuildConfiguration;
			buildSettings = {
				ASSETCATALOG_COMPILER_APPICON_NAME = AppIcon;
				ASSETCATALOG_COMPILER_GLOBAL_ACCENT_COLOR_NAME = AccentColor;
				CODE_SIGN_STYLE = Automatic;
				CURRENT_PROJECT_VERSION = 1;
				DEVELOPMENT_ASSET_PATHS = "\"AboutMe/Preview Content\"";
				ENABLE_PREVIEWS = YES;
				GENERATE_INFOPLIST_FILE = YES;
				INFOPLIST_KEY_UIApplicationSceneManifest_Generation = YES;
				INFOPLIST_KEY_UIApplicationSupportsIndirectInputEvents = YES;
				INFOPLIST_KEY_UILaunchScreen_Generation = YES;
				INFOPLIST_KEY_UISupportedInterfaceOrientations_iPad = "UIInterfaceOrientationPortrait UIInterfaceOrientationPortraitUpsideDown UIInterfaceOrientationLandscapeLeft UIInterfaceOrientationLandscapeRight";
				INFOPLIST_KEY_UISupportedInterfaceOrientations_iPhone = "UIInterfaceOrientationPortrait UIInterfaceOrientationLandscapeLeft UIInterfaceOrientationLandscapeRight";
				LD_RUNPATH_SEARCH_PATHS = (
					"$(inherited)",
					"@executable_path/Frameworks",
				);
				MARKETING_VERSION = 1.0;
				PRODUCT_BUNDLE_IDENTIFIER = kwk.AboutMe;
				PRODUCT_NAME = "$(TARGET_NAME)";
				SWIFT_EMIT_LOC_STRINGS = YES;
				SWIFT_VERSION = 5.0;
				TARGETED_DEVICE_FAMILY = "1,2";
			};
			name = Release;
		};
		BD9E2F9B2C52C8ED00DB9DF5 /* Debug */ = {
			isa = XCBuildConfiguration;
			buildSettings = {
				ALWAYS_EMBED_SWIFT_STANDARD_LIBRARIES = YES;
				BUNDLE_LOADER = "$(TEST_HOST)";
				CODE_SIGN_STYLE = Automatic;
				CURRENT_PROJECT_VERSION = 1;
				GENERATE_INFOPLIST_FILE = YES;
				IPHONEOS_DEPLOYMENT_TARGET = 17.5;
				MARKETING_VERSION = 1.0;
				PRODUCT_BUNDLE_IDENTIFIER = kwk.AboutMeTests;
				PRODUCT_NAME = "$(TARGET_NAME)";
				SWIFT_EMIT_LOC_STRINGS = NO;
				SWIFT_VERSION = 5.0;
				TARGETED_DEVICE_FAMILY = "1,2";
				TEST_HOST = "$(BUILT_PRODUCTS_DIR)/AboutMe.app/$(BUNDLE_EXECUTABLE_FOLDER_PATH)/AboutMe";
			};
			name = Debug;
		};
		BD9E2F9C2C52C8ED00DB9DF5 /* Release */ = {
			isa = XCBuildConfiguration;
			buildSettings = {
				ALWAYS_EMBED_SWIFT_STANDARD_LIBRARIES = YES;
				BUNDLE_LOADER = "$(TEST_HOST)";
				CODE_SIGN_STYLE = Automatic;
				CURRENT_PROJECT_VERSION = 1;
				GENERATE_INFOPLIST_FILE = YES;
				IPHONEOS_DEPLOYMENT_TARGET = 17.5;
				MARKETING_VERSION = 1.0;
				PRODUCT_BUNDLE_IDENTIFIER = kwk.AboutMeTests;
				PRODUCT_NAME = "$(TARGET_NAME)";
				SWIFT_EMIT_LOC_STRINGS = NO;
				SWIFT_VERSION = 5.0;
				TARGETED_DEVICE_FAMILY = "1,2";
				TEST_HOST = "$(BUILT_PRODUCTS_DIR)/AboutMe.app/$(BUNDLE_EXECUTABLE_FOLDER_PATH)/AboutMe";
			};
			name = Release;
		};
		BD9E2F9E2C52C8ED00DB9DF5 /* Debug */ = {
			isa = XCBuildConfiguration;
			buildSettings = {
				ALWAYS_EMBED_SWIFT_STANDARD_LIBRARIES = YES;
				CODE_SIGN_STYLE = Automatic;
				CURRENT_PROJECT_VERSION = 1;
				GENERATE_INFOPLIST_FILE = YES;
				MARKETING_VERSION = 1.0;
				PRODUCT_BUNDLE_IDENTIFIER = kwk.AboutMeUITests;
				PRODUCT_NAME = "$(TARGET_NAME)";
				SWIFT_EMIT_LOC_STRINGS = NO;
				SWIFT_VERSION = 5.0;
				TARGETED_DEVICE_FAMILY = "1,2";
				TEST_TARGET_NAME = AboutMe;
			};
			name = Debug;
		};
		BD9E2F9F2C52C8ED00DB9DF5 /* Release */ = {
			isa = XCBuildConfiguration;
			buildSettings = {
				ALWAYS_EMBED_SWIFT_STANDARD_LIBRARIES = YES;
				CODE_SIGN_STYLE = Automatic;
				CURRENT_PROJECT_VERSION = 1;
				GENERATE_INFOPLIST_FILE = YES;
				MARKETING_VERSION = 1.0;
				PRODUCT_BUNDLE_IDENTIFIER = kwk.AboutMeUITests;
				PRODUCT_NAME = "$(TARGET_NAME)";
				SWIFT_EMIT_LOC_STRINGS = NO;
				SWIFT_VERSION = 5.0;
				TARGETED_DEVICE_FAMILY = "1,2";
				TEST_TARGET_NAME = AboutMe;
			};
			name = Release;
		};
/* End XCBuildConfiguration section */

/* Begin XCConfigurationList section */
		BD9E2F6E2C52C8EB00DB9DF5 /* Build configuration list for PBXProject "AboutMe" */ = {
			isa = XCConfigurationList;
			buildConfigurations = (
				BD9E2F952C52C8ED00DB9DF5 /* Debug */,
				BD9E2F962C52C8ED00DB9DF5 /* Release */,
			);
			defaultConfigurationIsVisible = 0;
			defaultConfigurationName = Release;
		};
		BD9E2F972C52C8ED00DB9DF5 /* Build configuration list for PBXNativeTarget "AboutMe" */ = {
			isa = XCConfigurationList;
			buildConfigurations = (
				BD9E2F982C52C8ED00DB9DF5 /* Debug */,
				BD9E2F992C52C8ED00DB9DF5 /* Release */,
			);
			defaultConfigurationIsVisible = 0;
			defaultConfigurationName = Release;
		};
		BD9E2F9A2C52C8ED00DB9DF5 /* Build configuration list for PBXNativeTarget "AboutMeTests" */ = {
			isa = XCConfigurationList;
			buildConfigurations = (
				BD9E2F9B2C52C8ED00DB9DF5 /* Debug */,
				BD9E2F9C2C52C8ED00DB9DF5 /* Release */,
			);
			defaultConfigurationIsVisible = 0;
			defaultConfigurationName = Release;
		};
		BD9E2F9D2C52C8ED00DB9DF5 /* Build configuration list for PBXNativeTarget "AboutMeUITests" */ = {
			isa = XCConfigurationList;
			buildConfigurations = (
				BD9E2F9E2C52C8ED00DB9DF5 /* Debug */,
				BD9E2F9F2C52C8ED00DB9DF5 /* Release */,
			);
			defaultConfigurationIsVisible = 0;
			defaultConfigurationName = Release;
		};
/* End XCConfigurationList section */
	};
	rootObject = BD9E2F6B2C52C8EB00DB9DF5 /* Project object */;
}
